
Microsoft Visual Studio Solution File, Format Version 12.00
# Visual Studio Version 16
VisualStudioVersion = 16.0.30320.27
MinimumVisualStudioVersion = 10.0.40219.1
Project("{FAE04EC0-301F-11D3-BF4B-00C04F79EFBC}") = "CSharpDemo", "CSharpDemo\CSharpDemo.csproj", "{6A1BFAA0-3DF2-4303-80E2-066CE0E5A241}"
EndProject
Global
	GlobalSection(SolutionConfigurationPlatforms) = preSolution
		Debug|Any CPU = Debug|Any CPU
		Release|Any CPU = Release|Any CPU
	EndGlobalSection
	GlobalSection(ProjectConfigurationPlatforms) = postSolution
		{6A1BFAA0-3DF2-4303-80E2-066CE0E5A241}.Debug|Any CPU.ActiveCfg = Debug|Any CPU
		{6A1BFAA0-3DF2-4303-80E2-066CE0E5A241}.Debug|Any CPU.Build.0 = Debug|Any CPU
		{6A1BFAA0-3DF2-4303-80E2-066CE0E5A241}.Release|Any CPU.ActiveCfg = Release|Any CPU
		{6A1BFAA0-3DF2-4303-80E2-066CE0E5A241}.Release|Any CPU.Build.0 = Release|Any CPU
	EndGlobalSection
	GlobalSection(SolutionProperties) = preSolution
		HideSolutionNode = FALSE
	EndGlobalSection
	GlobalSection(ExtensibilityGlobals) = postSolution
		SolutionGuid = {62DC9928-4CD5-454C-88D9-AB788734DFD2}
	EndGlobalSection
EndGlobal
